
Microsoft Visual Studio Solution File, Format Version 12.00
# Visual Studio Version 16
VisualStudioVersion = 16.0.32630.194
MinimumVisualStudioVersion = 10.0.40219.1
Project("{FAE04EC0-301F-11D3-BF4B-00C04F79EFBC}") = "CRUD.Api", "CRUD.Api\CRUD.Api.csproj", "{5A94D404-B0CA-4E27-BC8E-AC76143515F7}"
EndProject
Global
	GlobalSection(SolutionConfigurationPlatforms) = preSolution
		Debug|Any CPU = Debug|Any CPU
		Release|Any CPU = Release|Any CPU
	EndGlobalSection
	GlobalSection(ProjectConfigurationPlatforms) = postSolution
		{5A94D404-B0CA-4E27-BC8E-AC76143515F7}.Debug|Any CPU.ActiveCfg = Debug|Any CPU
		{5A94D404-B0CA-4E27-BC8E-AC76143515F7}.Debug|Any CPU.Build.0 = Debug|Any CPU
		{5A94D404-B0CA-4E27-BC8E-AC76143515F7}.Release|Any CPU.ActiveCfg = Release|Any CPU
		{5A94D404-B0CA-4E27-BC8E-AC76143515F7}.Release|Any CPU.Build.0 = Release|Any CPU
	EndGlobalSection
	GlobalSection(SolutionProperties) = preSolution
		HideSolutionNode = FALSE
	EndGlobalSection
	GlobalSection(ExtensibilityGlobals) = postSolution
		SolutionGuid = {0423B3E3-169F-4DCA-B2B7-C513FC487D5A}
	EndGlobalSection
EndGlobal
